{
  "name": "server",
  "version": "1.0.0",
  "lockfileVersion": 1,
  "requires": true,
  "dependencies": {
    "@apollo/protobufjs": {
      "version": "1.2.7",
      "resolved": "https://artifactory.tools.bol.com:443/artifactory/api/npm/npm-bol/@apollo/protobufjs/-/protobufjs-1.2.7.tgz",
      "integrity": "sha1-OoZ1USgX5KBGqJfl9PFkFfFqfYo=",
      "requires": {
        "@protobufjs/aspromise": "^1.1.2",
        "@protobufjs/base64": "^1.1.2",
        "@protobufjs/codegen": "^2.0.4",
        "@protobufjs/eventemitter": "^1.1.0",
        "@protobufjs/fetch": "^1.1.0",
        "@protobufjs/float": "^1.0.2",
        "@protobufjs/inquire": "^1.1.0",
        "@protobufjs/path": "^1.1.2",
        "@protobufjs/pool": "^1.1.0",
        "@protobufjs/utf8": "^1.1.0",
        "@types/long": "^4.0.0",
        "long": "^4.0.0"
      }
    },
    "@apollo/usage-reporting-protobuf": {
      "version": "4.0.2",
      "resolved": "https://artifactory.tools.bol.com:443/artifactory/api/npm/npm-bol/@apollo/usage-reporting-protobuf/-/usage-reporting-protobuf-4.0.2.tgz",
      "integrity": "sha1-qD2yy7YFtjGWDrsaM2tCk9SFegI=",
      "requires": {
        "@apollo/protobufjs": "1.2.7"
      }
    },
    "@apollo/utils.dropunuseddefinitions": {
      "version": "1.1.0",
      "resolved": "https://artifactory.tools.bol.com:443/artifactory/api/npm/npm-bol/@apollo/utils.dropunuseddefinitions/-/utils.dropunuseddefinitions-1.1.0.tgz",
      "integrity": "sha1-ArBABkQurwN/TEYkFGsSd11w2Sk="
    },
    "@apollo/utils.keyvaluecache": {
      "version": "1.0.2",
      "resolved": "https://artifactory.tools.bol.com:443/artifactory/api/npm/npm-bol/@apollo/utils.keyvaluecache/-/utils.keyvaluecache-1.0.2.tgz",
      "integrity": "sha1-K/41jE2C86CVBRhFGZZ1jFJhP1c=",
      "requires": {
        "@apollo/utils.logger": "^1.0.0",
        "lru-cache": "7.10.1 - 7.13.1"
      },
      "dependencies": {
        "lru-cache": {
          "version": "7.13.1",
          "resolved": "https://artifactory.tools.bol.com:443/artifactory/api/npm/npm-bol/lru-cache/-/lru-cache-7.13.1.tgz",
          "integrity": "sha1-JnqB+9CIEyfEaoHFkiYGos/jNsQ="
        }
      }
    },
    "@apollo/utils.logger": {
      "version": "1.0.1",
      "resolved": "https://artifactory.tools.bol.com:443/artifactory/api/npm/npm-bol/@apollo/utils.logger/-/utils.logger-1.0.1.tgz",
      "integrity": "sha1-rqDRu3zrI39QbGu/OPEKVVuZppU="
    },
    "@apollo/utils.printwithreducedwhitespace": {
      "version": "1.1.0",
      "resolved": "https://artifactory.tools.bol.com:443/artifactory/api/npm/npm-bol/@apollo/utils.printwithreducedwhitespace/-/utils.printwithreducedwhitespace-1.1.0.tgz",
      "integrity": "sha1-xGYpmkdm7vhXeipkyPJ3Eui9fjA="
    },
    "@apollo/utils.removealiases": {
      "version": "1.0.0",
      "resolved": "https://artifactory.tools.bol.com:443/artifactory/api/npm/npm-bol/@apollo/utils.removealiases/-/utils.removealiases-1.0.0.tgz",
      "integrity": "sha1-dfbYMJivH8ri07609RWtSoRSqME="
    },
    "@apollo/utils.sortast": {
      "version": "1.1.0",
      "resolved": "https://artifactory.tools.bol.com:443/artifactory/api/npm/npm-bol/@apollo/utils.sortast/-/utils.sortast-1.1.0.tgz",
      "integrity": "sha1-kyGMcAja8+KgclGWCFoz9aq1rQc=",
      "requires": {
        "lodash.sortby": "^4.7.0"
      }
    },
    "@apollo/utils.stripsensitiveliterals": {
      "version": "1.2.0",
      "resolved": "https://artifactory.tools.bol.com:443/artifactory/api/npm/npm-bol/@apollo/utils.stripsensitiveliterals/-/utils.stripsensitiveliterals-1.2.0.tgz",
      "integrity": "sha1-SSBlHza+7o4mDhIDGgxYY60Meyg="
    },
    "@apollo/utils.usagereporting": {
      "version": "1.0.1",
      "resolved": "https://artifactory.tools.bol.com:443/artifactory/api/npm/npm-bol/@apollo/utils.usagereporting/-/utils.usagereporting-1.0.1.tgz",
      "integrity": "sha1-PHC0nlVHcWWVdv41OBx6SzIdJ/0=",
      "requires": {
        "@apollo/usage-reporting-protobuf": "^4.0.0",
        "@apollo/utils.dropunuseddefinitions": "^1.1.0",
        "@apollo/utils.printwithreducedwhitespace": "^1.1.0",
        "@apollo/utils.removealiases": "1.0.0",
        "@apollo/utils.sortast": "^1.1.0",
        "@apollo/utils.stripsensitiveliterals": "^1.2.0"
      }
    },
    "@apollographql/apollo-tools": {
      "version": "0.5.4",
      "resolved": "https://artifactory.tools.bol.com:443/artifactory/api/npm/npm-bol/@apollographql/apollo-tools/-/apollo-tools-0.5.4.tgz",
      "integrity": "sha1-yzmYxs8S5JS5DHM/RN2ZNeLYGWw="
    },
    "@apollographql/graphql-playground-html": {
      "version": "1.6.29",
      "resolved": "https://artifactory.tools.bol.com:443/artifactory/api/npm/npm-bol/@apollographql/graphql-playground-html/-/graphql-playground-html-1.6.29.tgz",
      "integrity": "sha1-p6ZGYUolX2LhDc9kp/aOrUHexFM=",
      "requires": {
        "xss": "^1.0.8"
      }
    },
    "@graphql-tools/merge": {
      "version": "8.3.12",
      "resolved": "https://artifactory.tools.bol.com:443/artifactory/api/npm/npm-bol/@graphql-tools/merge/-/merge-8.3.12.tgz",
      "integrity": "sha1-4/Ll2KezT7aJzaZnmdhFy8kZ5GQ=",
      "requires": {
        "@graphql-tools/utils": "9.1.1",
        "tslib": "^2.4.0"
      }
    },
    "@graphql-tools/mock": {
      "version": "8.7.12",
      "resolved": "https://artifactory.tools.bol.com:443/artifactory/api/npm/npm-bol/@graphql-tools/mock/-/mock-8.7.12.tgz",
      "integrity": "sha1-rGtesUYNdL/BVqG+vscT05Iou7I=",
      "requires": {
        "@graphql-tools/schema": "9.0.10",
        "@graphql-tools/utils": "9.1.1",
        "fast-json-stable-stringify": "^2.1.0",
        "tslib": "^2.4.0"
      },
      "dependencies": {
        "@graphql-tools/schema": {
          "version": "9.0.10",
          "resolved": "https://artifactory.tools.bol.com:443/artifactory/api/npm/npm-bol/@graphql-tools/schema/-/schema-9.0.10.tgz",
          "integrity": "sha1-d7o9+rJB8CMtwNO6AyAWY7Y3FOI=",
          "requires": {
            "@graphql-tools/merge": "8.3.12",
            "@graphql-tools/utils": "9.1.1",
            "tslib": "^2.4.0",
            "value-or-promise": "1.0.11"
          }
        }
      }
    },
    "@graphql-tools/schema": {
      "version": "8.5.1",
      "resolved": "https://artifactory.tools.bol.com:443/artifactory/api/npm/npm-bol/@graphql-tools/schema/-/schema-8.5.1.tgz",
      "integrity": "sha1-wvL/FEg4CRmjMDEjmclHHbJYC1g=",
      "requires": {
        "@graphql-tools/merge": "8.3.1",
        "@graphql-tools/utils": "8.9.0",
        "tslib": "^2.4.0",
        "value-or-promise": "1.0.11"
      },
      "dependencies": {
        "@graphql-tools/merge": {
          "version": "8.3.1",
          "resolved": "https://artifactory.tools.bol.com:443/artifactory/api/npm/npm-bol/@graphql-tools/merge/-/merge-8.3.1.tgz",
          "integrity": "sha1-BhIZQq0omCoUY128h7XUiKBB1yI=",
          "requires": {
            "@graphql-tools/utils": "8.9.0",
            "tslib": "^2.4.0"
          }
        },
        "@graphql-tools/utils": {
          "version": "8.9.0",
          "resolved": "https://artifactory.tools.bol.com:443/artifactory/api/npm/npm-bol/@graphql-tools/utils/-/utils-8.9.0.tgz",
          "integrity": "sha1-xqpfZRycmeGspVUQryG1bsKWzbc=",
          "requires": {
            "tslib": "^2.4.0"
          }
        }
      }
    },
    "@graphql-tools/utils": {
      "version": "9.1.1",
      "resolved": "https://artifactory.tools.bol.com:443/artifactory/api/npm/npm-bol/@graphql-tools/utils/-/utils-9.1.1.tgz",
      "integrity": "sha1-tH6o8NGMA4xcHEKecsqlwlA5+6s=",
      "requires": {
        "tslib": "^2.4.0"
      }
    },
    "@josephg/resolvable": {
      "version": "1.0.1",
      "resolved": "https://artifactory.tools.bol.com:443/artifactory/api/npm/npm-bol/@josephg/resolvable/-/resolvable-1.0.1.tgz",
      "integrity": "sha1-abxNt1TXnhovF6ZQ00ZuA42Upes="
    },
    "@protobufjs/aspromise": {
      "version": "1.1.2",
      "resolved": "https://artifactory.tools.bol.com:443/artifactory/api/npm/npm-bol/@protobufjs/aspromise/-/aspromise-1.1.2.tgz",
      "integrity": "sha1-m4sMxmPWaafY9vXQiToU00jzD78="
    },
    "@protobufjs/base64": {
      "version": "1.1.2",
      "resolved": "https://artifactory.tools.bol.com:443/artifactory/api/npm/npm-bol/@protobufjs/base64/-/base64-1.1.2.tgz",
      "integrity": "sha1-TIVzDlm5ofHzSQR9vyQpYDS7JzU="
    },
    "@protobufjs/codegen": {
      "version": "2.0.4",
      "resolved": "https://artifactory.tools.bol.com:443/artifactory/api/npm/npm-bol/@protobufjs/codegen/-/codegen-2.0.4.tgz",
      "integrity": "sha1-fvN/DQEPsCitGtWXIuUG2SYoFcs="
    },
    "@protobufjs/eventemitter": {
      "version": "1.1.0",
      "resolved": "https://artifactory.tools.bol.com:443/artifactory/api/npm/npm-bol/@protobufjs/eventemitter/-/eventemitter-1.1.0.tgz",
      "integrity": "sha1-NVy8mLr61ZePntCV85diHx0Ga3A="
    },
    "@protobufjs/fetch": {
      "version": "1.1.0",
      "resolved": "https://artifactory.tools.bol.com:443/artifactory/api/npm/npm-bol/@protobufjs/fetch/-/fetch-1.1.0.tgz",
      "integrity": "sha1-upn7WYYUr2VwDBYZ/wbUVLDYTEU=",
      "requires": {
        "@protobufjs/aspromise": "^1.1.1",
        "@protobufjs/inquire": "^1.1.0"
      }
    },
    "@protobufjs/float": {
      "version": "1.0.2",
      "resolved": "https://artifactory.tools.bol.com:443/artifactory/api/npm/npm-bol/@protobufjs/float/-/float-1.0.2.tgz",
      "integrity": "sha1-Xp4avctz/Ap8uLKR33jIy9l7h9E="
    },
    "@protobufjs/inquire": {
      "version": "1.1.0",
      "resolved": "https://artifactory.tools.bol.com:443/artifactory/api/npm/npm-bol/@protobufjs/inquire/-/inquire-1.1.0.tgz",
      "integrity": "sha1-/yAOPnzyQp4tyvwRQIKOjMY48Ik="
    },
    "@protobufjs/path": {
      "version": "1.1.2",
      "resolved": "https://artifactory.tools.bol.com:443/artifactory/api/npm/npm-bol/@protobufjs/path/-/path-1.1.2.tgz",
      "integrity": "sha1-bMKyDFya1q0NzP0hynZz2Nf79o0="
    },
    "@protobufjs/pool": {
      "version": "1.1.0",
      "resolved": "https://artifactory.tools.bol.com:443/artifactory/api/npm/npm-bol/@protobufjs/pool/-/pool-1.1.0.tgz",
      "integrity": "sha1-Cf0V8tbTq/qbZbw2ZQbWrXhG/1Q="
    },
    "@protobufjs/utf8": {
      "version": "1.1.0",
      "resolved": "https://artifactory.tools.bol.com:443/artifactory/api/npm/npm-bol/@protobufjs/utf8/-/utf8-1.1.0.tgz",
      "integrity": "sha1-p3c2C1s5oaLlEG+OhY8v0tBgxXA="
    },
    "@types/accepts": {
      "version": "1.3.5",
      "resolved": "https://artifactory.tools.bol.com:443/artifactory/api/npm/npm-bol/@types/accepts/-/accepts-1.3.5.tgz",
      "integrity": "sha1-w0vsEVz8dG4E/loFnfTOfns5FXU=",
      "requires": {
        "@types/node": "*"
      }
    },
    "@types/body-parser": {
      "version": "1.19.2",
      "resolved": "https://artifactory.tools.bol.com:443/artifactory/api/npm/npm-bol/@types/body-parser/-/body-parser-1.19.2.tgz",
      "integrity": "sha1-rqIFnii3ZYY5CBNHrE+rPeFm5vA=",
      "requires": {
        "@types/connect": "*",
        "@types/node": "*"
      }
    },
    "@types/connect": {
      "version": "3.4.35",
      "resolved": "https://artifactory.tools.bol.com:443/artifactory/api/npm/npm-bol/@types/connect/-/connect-3.4.35.tgz",
      "integrity": "sha1-X89q5EXkAh0fwiGaSHPMc6O7KtE=",
      "requires": {
        "@types/node": "*"
      }
    },
    "@types/cors": {
      "version": "2.8.12",
      "resolved": "https://artifactory.tools.bol.com:443/artifactory/api/npm/npm-bol/@types/cors/-/cors-2.8.12.tgz",
      "integrity": "sha1-ayxRCnrXA56Y57jT1lmPQ1nlwIA="
    },
    "@types/express": {
      "version": "4.17.14",
      "resolved": "https://artifactory.tools.bol.com:443/artifactory/api/npm/npm-bol/@types/express/-/express-4.17.14.tgz",
      "integrity": "sha1-FD6gVXJJvBs7VPFdtMgcPU6zVpw=",
      "requires": {
        "@types/body-parser": "*",
        "@types/express-serve-static-core": "^4.17.18",
        "@types/qs": "*",
        "@types/serve-static": "*"
      }
    },
    "@types/express-serve-static-core": {
      "version": "4.17.31",
      "resolved": "https://artifactory.tools.bol.com:443/artifactory/api/npm/npm-bol/@types/express-serve-static-core/-/express-serve-static-core-4.17.31.tgz",
      "integrity": "sha1-oROe/qtOcyODS7AibmKsAZ9HSy8=",
      "requires": {
        "@types/node": "*",
        "@types/qs": "*",
        "@types/range-parser": "*"
      }
    },
    "@types/long": {
      "version": "4.0.2",
      "resolved": "https://artifactory.tools.bol.com:443/artifactory/api/npm/npm-bol/@types/long/-/long-4.0.2.tgz",
      "integrity": "sha1-t0EpcZ/I0RwBhoAQCC1IO3VFWRo="
    },
    "@types/mime": {
      "version": "3.0.1",
      "resolved": "https://artifactory.tools.bol.com:443/artifactory/api/npm/npm-bol/@types/mime/-/mime-3.0.1.tgz",
      "integrity": "sha1-X48rygpYY8tpvAsKzYjJbLHUrhA="
    },
    "@types/node": {
      "version": "18.11.11",
      "resolved": "https://artifactory.tools.bol.com:443/artifactory/api/npm/npm-bol/@types/node/-/node-18.11.11.tgz",
      "integrity": "sha1-HUVawCEVSahAnTzbNxzVXMlx6Nw="
    },
    "@types/qs": {
      "version": "6.9.7",
      "resolved": "https://artifactory.tools.bol.com:443/artifactory/api/npm/npm-bol/@types/qs/-/qs-6.9.7.tgz",
      "integrity": "sha1-Y7t9Bn2xB8weRXwwO8JdUR/r9ss="
    },
    "@types/range-parser": {
      "version": "1.2.4",
      "resolved": "https://artifactory.tools.bol.com:443/artifactory/api/npm/npm-bol/@types/range-parser/-/range-parser-1.2.4.tgz",
      "integrity": "sha1-zWZ7z90CUhOq+3ylkVqTJZCs3Nw="
    },
    "@types/serve-static": {
      "version": "1.15.0",
      "resolved": "https://artifactory.tools.bol.com:443/artifactory/api/npm/npm-bol/@types/serve-static/-/serve-static-1.15.0.tgz",
      "integrity": "sha1-x5MP9hr7M04SGp2ngKrA2bjzQVU=",
      "requires": {
        "@types/mime": "*",
        "@types/node": "*"
      }
    },
    "accepts": {
      "version": "1.3.8",
      "resolved": "https://artifactory.tools.bol.com:443/artifactory/api/npm/npm-bol/accepts/-/accepts-1.3.8.tgz",
      "integrity": "sha1-C/C+EltnAUrcsLCSHmLbe//hay4=",
      "requires": {
        "mime-types": "~2.1.34",
        "negotiator": "0.6.3"
      }
    },
    "apollo-datasource": {
      "version": "3.3.2",
      "resolved": "https://artifactory.tools.bol.com:443/artifactory/api/npm/npm-bol/apollo-datasource/-/apollo-datasource-3.3.2.tgz",
      "integrity": "sha1-VxH4s41Le1P7eIy029SmpSbqdMg=",
      "requires": {
        "@apollo/utils.keyvaluecache": "^1.0.1",
        "apollo-server-env": "^4.2.1"
      }
    },
    "apollo-reporting-protobuf": {
      "version": "3.3.3",
      "resolved": "https://artifactory.tools.bol.com:443/artifactory/api/npm/npm-bol/apollo-reporting-protobuf/-/apollo-reporting-protobuf-3.3.3.tgz",
      "integrity": "sha1-3yt/9zQizWgq8/GAXTIwGu/dnok=",
      "requires": {
        "@apollo/protobufjs": "1.2.6"
      },
      "dependencies": {
        "@apollo/protobufjs": {
          "version": "1.2.6",
          "resolved": "https://artifactory.tools.bol.com:443/artifactory/api/npm/npm-bol/@apollo/protobufjs/-/protobufjs-1.2.6.tgz",
          "integrity": "sha1-1gHmUhHgauFDK/WZOhoBBfKGLyc=",
          "requires": {
            "@protobufjs/aspromise": "^1.1.2",
            "@protobufjs/base64": "^1.1.2",
            "@protobufjs/codegen": "^2.0.4",
            "@protobufjs/eventemitter": "^1.1.0",
            "@protobufjs/fetch": "^1.1.0",
            "@protobufjs/float": "^1.0.2",
            "@protobufjs/inquire": "^1.1.0",
            "@protobufjs/path": "^1.1.2",
            "@protobufjs/pool": "^1.1.0",
            "@protobufjs/utf8": "^1.1.0",
            "@types/long": "^4.0.0",
            "@types/node": "^10.1.0",
            "long": "^4.0.0"
          }
        },
        "@types/node": {
          "version": "10.17.60",
          "resolved": "https://artifactory.tools.bol.com:443/artifactory/api/npm/npm-bol/@types/node/-/node-10.17.60.tgz",
          "integrity": "sha1-NfPWIT2u2V2n8Pc+dbzGmA6QWXs="
        }
      }
    },
    "apollo-server": {
      "version": "3.11.1",
      "resolved": "https://artifactory.tools.bol.com:443/artifactory/api/npm/npm-bol/apollo-server/-/apollo-server-3.11.1.tgz",
      "integrity": "sha1-gxZGCBMjqt8stTzcNAF4bkHUTYE=",
      "requires": {
        "@types/express": "4.17.14",
        "apollo-server-core": "^3.11.1",
        "apollo-server-express": "^3.11.1",
        "express": "^4.17.1"
      }
    },
    "apollo-server-core": {
      "version": "3.11.1",
      "resolved": "https://artifactory.tools.bol.com:443/artifactory/api/npm/npm-bol/apollo-server-core/-/apollo-server-core-3.11.1.tgz",
      "integrity": "sha1-idg66qcaWfdg6/o1uwy9MeFUdMo=",
      "requires": {
        "@apollo/utils.keyvaluecache": "^1.0.1",
        "@apollo/utils.logger": "^1.0.0",
        "@apollo/utils.usagereporting": "^1.0.0",
        "@apollographql/apollo-tools": "^0.5.3",
        "@apollographql/graphql-playground-html": "1.6.29",
        "@graphql-tools/mock": "^8.1.2",
        "@graphql-tools/schema": "^8.0.0",
        "@josephg/resolvable": "^1.0.0",
        "apollo-datasource": "^3.3.2",
        "apollo-reporting-protobuf": "^3.3.3",
        "apollo-server-env": "^4.2.1",
        "apollo-server-errors": "^3.3.1",
        "apollo-server-plugin-base": "^3.7.1",
        "apollo-server-types": "^3.7.1",
        "async-retry": "^1.2.1",
        "fast-json-stable-stringify": "^2.1.0",
        "graphql-tag": "^2.11.0",
        "loglevel": "^1.6.8",
        "lru-cache": "^6.0.0",
        "node-abort-controller": "^3.0.1",
        "sha.js": "^2.4.11",
        "uuid": "^9.0.0",
        "whatwg-mimetype": "^3.0.0"
      }
    },
    "apollo-server-env": {
      "version": "4.2.1",
      "resolved": "https://artifactory.tools.bol.com:443/artifactory/api/npm/npm-bol/apollo-server-env/-/apollo-server-env-4.2.1.tgz",
      "integrity": "sha1-6lsZRKzNvboxHxeeTfrspILCAYU=",
      "requires": {
        "node-fetch": "^2.6.7"
      }
    },
    "apollo-server-errors": {
      "version": "3.3.1",
      "resolved": "https://artifactory.tools.bol.com:443/artifactory/api/npm/npm-bol/apollo-server-errors/-/apollo-server-errors-3.3.1.tgz",
      "integrity": "sha1-ulwAzaoz1MvQl3n4y29HR10c1lU="
    },
    "apollo-server-express": {
      "version": "3.11.1",
      "resolved": "https://artifactory.tools.bol.com:443/artifactory/api/npm/npm-bol/apollo-server-express/-/apollo-server-express-3.11.1.tgz",
      "integrity": "sha1-9G0vL42z2Z7ebAwUT+oC8ktzy3g=",
      "requires": {
        "@types/accepts": "^1.3.5",
        "@types/body-parser": "1.19.2",
        "@types/cors": "2.8.12",
        "@types/express": "4.17.14",
        "@types/express-serve-static-core": "4.17.31",
        "accepts": "^1.3.5",
        "apollo-server-core": "^3.11.1",
        "apollo-server-types": "^3.7.1",
        "body-parser": "^1.19.0",
        "cors": "^2.8.5",
        "parseurl": "^1.3.3"
      }
    },
    "apollo-server-plugin-base": {
      "version": "3.7.1",
      "resolved": "https://artifactory.tools.bol.com:443/artifactory/api/npm/npm-bol/apollo-server-plugin-base/-/apollo-server-plugin-base-3.7.1.tgz",
      "integrity": "sha1-qnjvSb0RTjWQbKnPdJP+0mZMveg=",
      "requires": {
        "apollo-server-types": "^3.7.1"
      }
    },
    "apollo-server-types": {
      "version": "3.7.1",
      "resolved": "https://artifactory.tools.bol.com:443/artifactory/api/npm/npm-bol/apollo-server-types/-/apollo-server-types-3.7.1.tgz",
      "integrity": "sha1-h638tS7AiTmZqc+v1UdL/aerB5g=",
      "requires": {
        "@apollo/utils.keyvaluecache": "^1.0.1",
        "@apollo/utils.logger": "^1.0.0",
        "apollo-reporting-protobuf": "^3.3.3",
        "apollo-server-env": "^4.2.1"
      }
    },
    "array-flatten": {
      "version": "1.1.1",
      "resolved": "https://artifactory.tools.bol.com:443/artifactory/api/npm/npm-bol/array-flatten/-/array-flatten-1.1.1.tgz",
      "integrity": "sha1-ml9pkFGx5wczKPKgCJaLZOopVdI="
    },
    "async-retry": {
      "version": "1.3.3",
      "resolved": "https://artifactory.tools.bol.com:443/artifactory/api/npm/npm-bol/async-retry/-/async-retry-1.3.3.tgz",
      "integrity": "sha1-Dn82wE2EeOeli9vtgM7fl3eF8oA=",
      "requires": {
        "retry": "0.13.1"
      }
    },
    "body-parser": {
      "version": "1.20.1",
      "resolved": "https://artifactory.tools.bol.com:443/artifactory/api/npm/npm-bol/body-parser/-/body-parser-1.20.1.tgz",
      "integrity": "sha1-sYEqiRLBlc03Gj7l5m+qIzilxmg=",
      "requires": {
        "bytes": "3.1.2",
        "content-type": "~1.0.4",
        "debug": "2.6.9",
        "depd": "2.0.0",
        "destroy": "1.2.0",
        "http-errors": "2.0.0",
        "iconv-lite": "0.4.24",
        "on-finished": "2.4.1",
        "qs": "6.11.0",
        "raw-body": "2.5.1",
        "type-is": "~1.6.18",
        "unpipe": "1.0.0"
      }
    },
    "bytes": {
      "version": "3.1.2",
      "resolved": "https://artifactory.tools.bol.com:443/artifactory/api/npm/npm-bol/bytes/-/bytes-3.1.2.tgz",
      "integrity": "sha1-iwvuuYYFrfGxKPpDhkA8AJ4CIaU="
    },
    "call-bind": {
      "version": "1.0.2",
      "resolved": "https://artifactory.tools.bol.com:443/artifactory/api/npm/npm-bol/call-bind/-/call-bind-1.0.2.tgz",
      "integrity": "sha1-sdTonmiBGcPJqQOtMKuy9qkZvjw=",
      "requires": {
        "function-bind": "^1.1.1",
        "get-intrinsic": "^1.0.2"
      }
    },
    "commander": {
      "version": "2.20.3",
      "resolved": "https://artifactory.tools.bol.com:443/artifactory/api/npm/npm-bol/commander/-/commander-2.20.3.tgz",
      "integrity": "sha1-/UhehMA+tIgcIHIrpIA16FMa6zM="
    },
    "content-disposition": {
      "version": "0.5.4",
      "resolved": "https://artifactory.tools.bol.com:443/artifactory/api/npm/npm-bol/content-disposition/-/content-disposition-0.5.4.tgz",
      "integrity": "sha1-i4K076yCUSoCuwsdzsnSxejrW/4=",
      "requires": {
        "safe-buffer": "5.2.1"
      }
    },
    "content-type": {
      "version": "1.0.4",
      "resolved": "https://artifactory.tools.bol.com:443/artifactory/api/npm/npm-bol/content-type/-/content-type-1.0.4.tgz",
      "integrity": "sha1-4TjMdeBAxyexlm/l5fjJruJW/js="
    },
    "cookie": {
      "version": "0.5.0",
      "resolved": "https://artifactory.tools.bol.com:443/artifactory/api/npm/npm-bol/cookie/-/cookie-0.5.0.tgz",
      "integrity": "sha1-0fXXGt7GVYxY84mYfDZqpH6ZT4s="
    },
    "cookie-signature": {
      "version": "1.0.6",
      "resolved": "https://artifactory.tools.bol.com:443/artifactory/api/npm/npm-bol/cookie-signature/-/cookie-signature-1.0.6.tgz",
      "integrity": "sha1-4wOogrNCzD7oylE6eZmXNNqzriw="
    },
    "cors": {
      "version": "2.8.5",
      "resolved": "https://artifactory.tools.bol.com:443/artifactory/api/npm/npm-bol/cors/-/cors-2.8.5.tgz",
      "integrity": "sha1-6sEdpRWS3Ya58G9uesKTs9+HXSk=",
      "requires": {
        "object-assign": "^4",
        "vary": "^1"
      }
    },
    "cssfilter": {
      "version": "0.0.10",
      "resolved": "https://artifactory.tools.bol.com:443/artifactory/api/npm/npm-bol/cssfilter/-/cssfilter-0.0.10.tgz",
      "integrity": "sha1-xtJnJjKi5cg+AT5oZKQs6N79IK4="
    },
    "debug": {
      "version": "2.6.9",
      "resolved": "https://artifactory.tools.bol.com:443/artifactory/api/npm/npm-bol/debug/-/debug-2.6.9.tgz",
      "integrity": "sha1-XRKFFd8TT/Mn6QpMk/Tgd6U2NB8=",
      "requires": {
        "ms": "2.0.0"
      }
    },
    "depd": {
      "version": "2.0.0",
      "resolved": "https://artifactory.tools.bol.com:443/artifactory/api/npm/npm-bol/depd/-/depd-2.0.0.tgz",
      "integrity": "sha1-tpYWPMdXVg0JzyLMj60Vcbeedt8="
    },
    "destroy": {
      "version": "1.2.0",
      "resolved": "https://artifactory.tools.bol.com:443/artifactory/api/npm/npm-bol/destroy/-/destroy-1.2.0.tgz",
      "integrity": "sha1-SANzVQmti+VSk0xn32FPlOZvoBU="
    },
    "ee-first": {
      "version": "1.1.1",
      "resolved": "https://artifactory.tools.bol.com:443/artifactory/api/npm/npm-bol/ee-first/-/ee-first-1.1.1.tgz",
      "integrity": "sha1-WQxhFWsK4vTwJVcyoViyZrxWsh0="
    },
    "encodeurl": {
      "version": "1.0.2",
      "resolved": "https://artifactory.tools.bol.com:443/artifactory/api/npm/npm-bol/encodeurl/-/encodeurl-1.0.2.tgz",
      "integrity": "sha1-rT/0yG7C0CkyL1oCw6mmBslbP1k="
    },
    "escape-html": {
      "version": "1.0.3",
      "resolved": "https://artifactory.tools.bol.com:443/artifactory/api/npm/npm-bol/escape-html/-/escape-html-1.0.3.tgz",
      "integrity": "sha1-Aljq5NPQwJdN4cFpGI7wBR0dGYg="
    },
    "etag": {
      "version": "1.8.1",
      "resolved": "https://artifactory.tools.bol.com:443/artifactory/api/npm/npm-bol/etag/-/etag-1.8.1.tgz",
      "integrity": "sha1-Qa4u62XvpiJorr/qg6x9eSmbCIc="
    },
    "express": {
      "version": "4.18.2",
      "resolved": "https://artifactory.tools.bol.com:443/artifactory/api/npm/npm-bol/express/-/express-4.18.2.tgz",
      "integrity": "sha1-P6vggpbpMMeWwZ48UWl5OGup/Vk=",
      "requires": {
        "accepts": "~1.3.8",
        "array-flatten": "1.1.1",
        "body-parser": "1.20.1",
        "content-disposition": "0.5.4",
        "content-type": "~1.0.4",
        "cookie": "0.5.0",
        "cookie-signature": "1.0.6",
        "debug": "2.6.9",
        "depd": "2.0.0",
        "encodeurl": "~1.0.2",
        "escape-html": "~1.0.3",
        "etag": "~1.8.1",
        "finalhandler": "1.2.0",
        "fresh": "0.5.2",
        "http-errors": "2.0.0",
        "merge-descriptors": "1.0.1",
        "methods": "~1.1.2",
        "on-finished": "2.4.1",
        "parseurl": "~1.3.3",
        "path-to-regexp": "0.1.7",
        "proxy-addr": "~2.0.7",
        "qs": "6.11.0",
        "range-parser": "~1.2.1",
        "safe-buffer": "5.2.1",
        "send": "0.18.0",
        "serve-static": "1.15.0",
        "setprototypeof": "1.2.0",
        "statuses": "2.0.1",
        "type-is": "~1.6.18",
        "utils-merge": "1.0.1",
        "vary": "~1.1.2"
      }
    },
    "fast-json-stable-stringify": {
      "version": "2.1.0",
      "resolved": "https://artifactory.tools.bol.com:443/artifactory/api/npm/npm-bol/fast-json-stable-stringify/-/fast-json-stable-stringify-2.1.0.tgz",
      "integrity": "sha1-h0v2nG9ATCtdmcSBNBOZ/VWJJjM="
    },
    "finalhandler": {
      "version": "1.2.0",
      "resolved": "https://artifactory.tools.bol.com:443/artifactory/api/npm/npm-bol/finalhandler/-/finalhandler-1.2.0.tgz",
      "integrity": "sha1-fSP+VzGyB7RkDk/NAK7B+SB6ezI=",
      "requires": {
        "debug": "2.6.9",
        "encodeurl": "~1.0.2",
        "escape-html": "~1.0.3",
        "on-finished": "2.4.1",
        "parseurl": "~1.3.3",
        "statuses": "2.0.1",
        "unpipe": "~1.0.0"
      }
    },
    "forwarded": {
      "version": "0.2.0",
      "resolved": "https://artifactory.tools.bol.com:443/artifactory/api/npm/npm-bol/forwarded/-/forwarded-0.2.0.tgz",
      "integrity": "sha1-ImmTZCiq1MFcfr6XeahL8LKoGBE="
    },
    "fresh": {
      "version": "0.5.2",
      "resolved": "https://artifactory.tools.bol.com:443/artifactory/api/npm/npm-bol/fresh/-/fresh-0.5.2.tgz",
      "integrity": "sha1-PYyt2Q2XZWn6g1qx+OSyOhBWBac="
    },
    "function-bind": {
      "version": "1.1.1",
      "resolved": "https://artifactory.tools.bol.com:443/artifactory/api/npm/npm-bol/function-bind/-/function-bind-1.1.1.tgz",
      "integrity": "sha1-pWiZ0+o8m6uHS7l3O3xe3pL0iV0="
    },
    "get-intrinsic": {
      "version": "1.1.3",
      "resolved": "https://artifactory.tools.bol.com:443/artifactory/api/npm/npm-bol/get-intrinsic/-/get-intrinsic-1.1.3.tgz",
      "integrity": "sha1-BjyEMprZPoOJPH9PJD72P/o1E4U=",
      "requires": {
        "function-bind": "^1.1.1",
        "has": "^1.0.3",
        "has-symbols": "^1.0.3"
      }
    },
    "graphql": {
      "version": "16.6.0",
      "resolved": "https://artifactory.tools.bol.com:443/artifactory/api/npm/npm-bol/graphql/-/graphql-16.6.0.tgz",
      "integrity": "sha1-wtz/pGSdsUn2KCr3JsjIPxx8X9s="
    },
    "graphql-tag": {
      "version": "2.12.6",
      "resolved": "https://artifactory.tools.bol.com:443/artifactory/api/npm/npm-bol/graphql-tag/-/graphql-tag-2.12.6.tgz",
      "integrity": "sha1-1EGlacHSU37xDKPRYztIclMptfE=",
      "requires": {
        "tslib": "^2.1.0"
      }
    },
    "has": {
      "version": "1.0.3",
      "resolved": "https://artifactory.tools.bol.com:443/artifactory/api/npm/npm-bol/has/-/has-1.0.3.tgz",
      "integrity": "sha1-ci18v8H2qoJB8W3YFOAR4fQeh5Y=",
      "requires": {
        "function-bind": "^1.1.1"
      }
    },
    "has-symbols": {
      "version": "1.0.3",
      "resolved": "https://artifactory.tools.bol.com:443/artifactory/api/npm/npm-bol/has-symbols/-/has-symbols-1.0.3.tgz",
      "integrity": "sha1-u3ssQ0klHc6HsSX3vfh0qnyLOfg="
    },
    "http-errors": {
      "version": "2.0.0",
      "resolved": "https://artifactory.tools.bol.com:443/artifactory/api/npm/npm-bol/http-errors/-/http-errors-2.0.0.tgz",
      "integrity": "sha1-t3dKFIbvc892Z6ya4IWMASxXudM=",
      "requires": {
        "depd": "2.0.0",
        "inherits": "2.0.4",
        "setprototypeof": "1.2.0",
        "statuses": "2.0.1",
        "toidentifier": "1.0.1"
      }
    },
    "iconv-lite": {
      "version": "0.4.24",
      "resolved": "https://artifactory.tools.bol.com:443/artifactory/api/npm/npm-bol/iconv-lite/-/iconv-lite-0.4.24.tgz",
      "integrity": "sha1-ICK0sl+93CHS9SSXSkdKr+czkIs=",
      "requires": {
        "safer-buffer": ">= 2.1.2 < 3"
      }
    },
    "inherits": {
      "version": "2.0.4",
      "resolved": "https://artifactory.tools.bol.com:443/artifactory/api/npm/npm-bol/inherits/-/inherits-2.0.4.tgz",
      "integrity": "sha1-D6LGT5MpF8NDOg3tVTY6rjdBa3w="
    },
    "ipaddr.js": {
      "version": "1.9.1",
      "resolved": "https://artifactory.tools.bol.com:443/artifactory/api/npm/npm-bol/ipaddr.js/-/ipaddr.js-1.9.1.tgz",
      "integrity": "sha1-v/OFQ+64mEglB5/zoqjmy9RngbM="
    },
    "lodash.sortby": {
      "version": "4.7.0",
      "resolved": "https://artifactory.tools.bol.com:443/artifactory/api/npm/npm-bol/lodash.sortby/-/lodash.sortby-4.7.0.tgz",
      "integrity": "sha1-7dFMgk4sycHgsKG0K7UhBRakJDg="
    },
    "loglevel": {
      "version": "1.8.1",
      "resolved": "https://artifactory.tools.bol.com:443/artifactory/api/npm/npm-bol/loglevel/-/loglevel-1.8.1.tgz",
      "integrity": "sha1-XGIfg9W0jFSuk7YVY1P1VZYzd7Q="
    },
    "long": {
      "version": "4.0.0",
      "resolved": "https://artifactory.tools.bol.com:443/artifactory/api/npm/npm-bol/long/-/long-4.0.0.tgz",
      "integrity": "sha1-mntxz7fTYaGU6lVSQckvdGjVvyg="
    },
    "lru-cache": {
      "version": "6.0.0",
      "resolved": "https://artifactory.tools.bol.com:443/artifactory/api/npm/npm-bol/lru-cache/-/lru-cache-6.0.0.tgz",
      "integrity": "sha1-bW/mVw69lqr5D8rR2vo7JWbbOpQ=",
      "requires": {
        "yallist": "^4.0.0"
      }
    },
    "media-typer": {
      "version": "0.3.0",
      "resolved": "https://artifactory.tools.bol.com:443/artifactory/api/npm/npm-bol/media-typer/-/media-typer-0.3.0.tgz",
      "integrity": "sha1-hxDXrwqmJvj/+hzgAWhUUmMlV0g="
    },
    "merge-descriptors": {
      "version": "1.0.1",
      "resolved": "https://artifactory.tools.bol.com:443/artifactory/api/npm/npm-bol/merge-descriptors/-/merge-descriptors-1.0.1.tgz",
      "integrity": "sha1-sAqqVW3YtEVoFQ7J0blT8/kMu2E="
    },
    "methods": {
      "version": "1.1.2",
      "resolved": "https://artifactory.tools.bol.com:443/artifactory/api/npm/npm-bol/methods/-/methods-1.1.2.tgz",
      "integrity": "sha1-VSmk1nZUE07cxSZmVoNbD4Ua/O4="
    },
    "mime": {
      "version": "1.6.0",
      "resolved": "https://artifactory.tools.bol.com:443/artifactory/api/npm/npm-bol/mime/-/mime-1.6.0.tgz",
      "integrity": "sha1-Ms2eXGRVO9WNGaVor0Uqz/BJgbE="
    },
    "mime-db": {
      "version": "1.52.0",
      "resolved": "https://artifactory.tools.bol.com:443/artifactory/api/npm/npm-bol/mime-db/-/mime-db-1.52.0.tgz",
      "integrity": "sha1-u6vNwChZ9JhzAchW4zh85exDv3A="
    },
    "mime-types": {
      "version": "2.1.35",
      "resolved": "https://artifactory.tools.bol.com:443/artifactory/api/npm/npm-bol/mime-types/-/mime-types-2.1.35.tgz",
      "integrity": "sha1-OBqHG2KnNEUGYK497uRIE/cNlZo=",
      "requires": {
        "mime-db": "1.52.0"
      }
    },
    "ms": {
      "version": "2.0.0",
      "resolved": "https://artifactory.tools.bol.com:443/artifactory/api/npm/npm-bol/ms/-/ms-2.0.0.tgz",
      "integrity": "sha1-VgiurfwAvmwpAd9fmGF4jeDVl8g="
    },
    "negotiator": {
      "version": "0.6.3",
      "resolved": "https://artifactory.tools.bol.com:443/artifactory/api/npm/npm-bol/negotiator/-/negotiator-0.6.3.tgz",
      "integrity": "sha1-WOMjpy/twNb5zU0x/kn1FHlZDM0="
    },
    "node-abort-controller": {
      "version": "3.0.1",
      "resolved": "https://artifactory.tools.bol.com:443/artifactory/api/npm/npm-bol/node-abort-controller/-/node-abort-controller-3.0.1.tgz",
      "integrity": "sha1-+R+lCx3uP5Ca+rt+JhseHWsMt04="
    },
    "node-fetch": {
      "version": "2.6.7",
      "resolved": "https://artifactory.tools.bol.com:443/artifactory/api/npm/npm-bol/node-fetch/-/node-fetch-2.6.7.tgz",
      "integrity": "sha1-JN6fuoJ+O0rkTciyAlajeRYAUq0=",
      "requires": {
        "whatwg-url": "^5.0.0"
      }
    },
    "object-assign": {
      "version": "4.1.1",
      "resolved": "https://artifactory.tools.bol.com:443/artifactory/api/npm/npm-bol/object-assign/-/object-assign-4.1.1.tgz",
      "integrity": "sha1-IQmtx5ZYh8/AXLvUQsrIv7s2CGM="
    },
    "object-inspect": {
      "version": "1.12.2",
      "resolved": "https://artifactory.tools.bol.com:443/artifactory/api/npm/npm-bol/object-inspect/-/object-inspect-1.12.2.tgz",
      "integrity": "sha1-wGQfJjlFMvKKuNeWq5VOQ8AJqOo="
    },
    "on-finished": {
      "version": "2.4.1",
      "resolved": "https://artifactory.tools.bol.com:443/artifactory/api/npm/npm-bol/on-finished/-/on-finished-2.4.1.tgz",
      "integrity": "sha1-WMjEQRblSEWtV/FKsQsDUzGErD8=",
      "requires": {
        "ee-first": "1.1.1"
      }
    },
    "parseurl": {
      "version": "1.3.3",
      "resolved": "https://artifactory.tools.bol.com:443/artifactory/api/npm/npm-bol/parseurl/-/parseurl-1.3.3.tgz",
      "integrity": "sha1-naGee+6NEt/wUT7Vt2lXeTvC6NQ="
    },
    "path-to-regexp": {
      "version": "0.1.7",
      "resolved": "https://artifactory.tools.bol.com:443/artifactory/api/npm/npm-bol/path-to-regexp/-/path-to-regexp-0.1.7.tgz",
      "integrity": "sha1-32BBeABfUi8V60SQ5yR6G/qmf4w="
    },
    "proxy-addr": {
      "version": "2.0.7",
      "resolved": "https://artifactory.tools.bol.com:443/artifactory/api/npm/npm-bol/proxy-addr/-/proxy-addr-2.0.7.tgz",
      "integrity": "sha1-8Z/mnOqzEe65S0LnDowgcPm6ECU=",
      "requires": {
        "forwarded": "0.2.0",
        "ipaddr.js": "1.9.1"
      }
    },
    "qs": {
      "version": "6.11.0",
      "resolved": "https://artifactory.tools.bol.com:443/artifactory/api/npm/npm-bol/qs/-/qs-6.11.0.tgz",
      "integrity": "sha1-/Q2WNEb3pl4TZ+AavYVClFPww3o=",
      "requires": {
        "side-channel": "^1.0.4"
      }
    },
    "range-parser": {
      "version": "1.2.1",
      "resolved": "https://artifactory.tools.bol.com:443/artifactory/api/npm/npm-bol/range-parser/-/range-parser-1.2.1.tgz",
      "integrity": "sha1-PPNwI9GZ4cJNGlW4SADC8+ZGgDE="
    },
    "raw-body": {
      "version": "2.5.1",
      "resolved": "https://artifactory.tools.bol.com:443/artifactory/api/npm/npm-bol/raw-body/-/raw-body-2.5.1.tgz",
      "integrity": "sha1-/hsWKLGBtwAhXl/UI4n5i3E5KFc=",
      "requires": {
        "bytes": "3.1.2",
        "http-errors": "2.0.0",
        "iconv-lite": "0.4.24",
        "unpipe": "1.0.0"
      }
    },
    "retry": {
      "version": "0.13.1",
      "resolved": "https://artifactory.tools.bol.com:443/artifactory/api/npm/npm-bol/retry/-/retry-0.13.1.tgz",
      "integrity": "sha1-GFsVh6z2eRnWOzVzSeA1N7JIRlg="
    },
    "safe-buffer": {
      "version": "5.2.1",
      "resolved": "https://artifactory.tools.bol.com:443/artifactory/api/npm/npm-bol/safe-buffer/-/safe-buffer-5.2.1.tgz",
      "integrity": "sha1-Hq+fqb2x/dTsdfWPnNtOa3gn7sY="
    },
    "safer-buffer": {
      "version": "2.1.2",
      "resolved": "https://artifactory.tools.bol.com:443/artifactory/api/npm/npm-bol/safer-buffer/-/safer-buffer-2.1.2.tgz",
      "integrity": "sha1-RPoWGwGHuVSd2Eu5GAL5vYOFzWo="
    },
    "send": {
      "version": "0.18.0",
      "resolved": "https://artifactory.tools.bol.com:443/artifactory/api/npm/npm-bol/send/-/send-0.18.0.tgz",
      "integrity": "sha1-ZwFnzGVLBfWqSnZ/kRO7NxvHBr4=",
      "requires": {
        "debug": "2.6.9",
        "depd": "2.0.0",
        "destroy": "1.2.0",
        "encodeurl": "~1.0.2",
        "escape-html": "~1.0.3",
        "etag": "~1.8.1",
        "fresh": "0.5.2",
        "http-errors": "2.0.0",
        "mime": "1.6.0",
        "ms": "2.1.3",
        "on-finished": "2.4.1",
        "range-parser": "~1.2.1",
        "statuses": "2.0.1"
      },
      "dependencies": {
        "ms": {
          "version": "2.1.3",
          "resolved": "https://artifactory.tools.bol.com:443/artifactory/api/npm/npm-bol/ms/-/ms-2.1.3.tgz",
          "integrity": "sha1-V0yBOM4dK1hh8LRFedut1gxmFbI="
        }
      }
    },
    "serve-static": {
      "version": "1.15.0",
      "resolved": "https://artifactory.tools.bol.com:443/artifactory/api/npm/npm-bol/serve-static/-/serve-static-1.15.0.tgz",
      "integrity": "sha1-+q7wjP/goaYvYMrQxOUTz/CslUA=",
      "requires": {
        "encodeurl": "~1.0.2",
        "escape-html": "~1.0.3",
        "parseurl": "~1.3.3",
        "send": "0.18.0"
      }
    },
    "setprototypeof": {
      "version": "1.2.0",
      "resolved": "https://artifactory.tools.bol.com:443/artifactory/api/npm/npm-bol/setprototypeof/-/setprototypeof-1.2.0.tgz",
      "integrity": "sha1-ZsmiSnP5/CjL5msJ/tPTPcrxtCQ="
    },
    "sha.js": {
      "version": "2.4.11",
      "resolved": "https://artifactory.tools.bol.com:443/artifactory/api/npm/npm-bol/sha.js/-/sha.js-2.4.11.tgz",
      "integrity": "sha1-N6XPC4HsvGlD3hCbopYNGyZYSuc=",
      "requires": {
        "inherits": "^2.0.1",
        "safe-buffer": "^5.0.1"
      }
    },
    "side-channel": {
      "version": "1.0.4",
      "resolved": "https://artifactory.tools.bol.com:443/artifactory/api/npm/npm-bol/side-channel/-/side-channel-1.0.4.tgz",
      "integrity": "sha1-785cj9wQTudRslxY1CkAEfpeos8=",
      "requires": {
        "call-bind": "^1.0.0",
        "get-intrinsic": "^1.0.2",
        "object-inspect": "^1.9.0"
      }
    },
    "statuses": {
      "version": "2.0.1",
      "resolved": "https://artifactory.tools.bol.com:443/artifactory/api/npm/npm-bol/statuses/-/statuses-2.0.1.tgz",
      "integrity": "sha1-VcsADM8dSHKL0jxoWgY5mM8aG2M="
    },
    "toidentifier": {
      "version": "1.0.1",
      "resolved": "https://artifactory.tools.bol.com:443/artifactory/api/npm/npm-bol/toidentifier/-/toidentifier-1.0.1.tgz",
      "integrity": "sha1-O+NDIaiKgg7RvYDfqjPkefu43TU="
    },
    "tr46": {
      "version": "0.0.3",
      "resolved": "https://artifactory.tools.bol.com:443/artifactory/api/npm/npm-bol/tr46/-/tr46-0.0.3.tgz",
      "integrity": "sha1-gYT9NH2snNwYWZLzpmIuFLnZq2o="
    },
    "tslib": {
      "version": "2.4.1",
      "resolved": "https://artifactory.tools.bol.com:443/artifactory/api/npm/npm-bol/tslib/-/tslib-2.4.1.tgz",
      "integrity": "sha1-DQv7qsKIC5HiLfB2jlW+l1OlsX4="
    },
    "type-is": {
      "version": "1.6.18",
      "resolved": "https://artifactory.tools.bol.com:443/artifactory/api/npm/npm-bol/type-is/-/type-is-1.6.18.tgz",
      "integrity": "sha1-TlUs0F3wlGfcvE73Od6J8s83wTE=",
      "requires": {
        "media-typer": "0.3.0",
        "mime-types": "~2.1.24"
      }
    },
    "unpipe": {
      "version": "1.0.0",
      "resolved": "https://artifactory.tools.bol.com:443/artifactory/api/npm/npm-bol/unpipe/-/unpipe-1.0.0.tgz",
      "integrity": "sha1-sr9O6FFKrmFltIF4KdIbLvSZBOw="
    },
    "utils-merge": {
      "version": "1.0.1",
      "resolved": "https://artifactory.tools.bol.com:443/artifactory/api/npm/npm-bol/utils-merge/-/utils-merge-1.0.1.tgz",
      "integrity": "sha1-n5VxD1CiZ5R7LMwSR0HBAoQn5xM="
    },
    "uuid": {
      "version": "9.0.0",
      "resolved": "https://artifactory.tools.bol.com:443/artifactory/api/npm/npm-bol/uuid/-/uuid-9.0.0.tgz",
      "integrity": "sha1-WS9VBlACSjjOsMVi8vaqQ1dh77U="
    },
    "value-or-promise": {
      "version": "1.0.11",
      "resolved": "https://artifactory.tools.bol.com:443/artifactory/api/npm/npm-bol/value-or-promise/-/value-or-promise-1.0.11.tgz",
      "integrity": "sha1-PpApmvMd0BT+hD/jCc76fB2UsUA="
    },
    "vary": {
      "version": "1.1.2",
      "resolved": "https://artifactory.tools.bol.com:443/artifactory/api/npm/npm-bol/vary/-/vary-1.1.2.tgz",
      "integrity": "sha1-IpnwLG3tMNSllhsLn3RSShj2NPw="
    },
    "webidl-conversions": {
      "version": "3.0.1",
      "resolved": "https://artifactory.tools.bol.com:443/artifactory/api/npm/npm-bol/webidl-conversions/-/webidl-conversions-3.0.1.tgz",
      "integrity": "sha1-JFNCdeKnvGvnvIZhHMFq4KVlSHE="
    },
    "whatwg-mimetype": {
      "version": "3.0.0",
      "resolved": "https://artifactory.tools.bol.com:443/artifactory/api/npm/npm-bol/whatwg-mimetype/-/whatwg-mimetype-3.0.0.tgz",
      "integrity": "sha1-X6GnYjhn/xr2yj3HKta4pCCL66c="
    },
    "whatwg-url": {
      "version": "5.0.0",
      "resolved": "https://artifactory.tools.bol.com:443/artifactory/api/npm/npm-bol/whatwg-url/-/whatwg-url-5.0.0.tgz",
      "integrity": "sha1-lmRU6HZUYuN2RNNib2dCzotwll0=",
      "requires": {
        "tr46": "~0.0.3",
        "webidl-conversions": "^3.0.0"
      }
    },
    "xss": {
      "version": "1.0.14",
      "resolved": "https://artifactory.tools.bol.com:443/artifactory/api/npm/npm-bol/xss/-/xss-1.0.14.tgz",
      "integrity": "sha1-Tz773nWtDYLpkhzDyV5lkN0zZpQ=",
      "requires": {
        "commander": "^2.20.3",
        "cssfilter": "0.0.10"
      }
    },
    "yallist": {
      "version": "4.0.0",
      "resolved": "https://artifactory.tools.bol.com:443/artifactory/api/npm/npm-bol/yallist/-/yallist-4.0.0.tgz",
      "integrity": "sha1-m7knkNnA7/7GO+c1GeEaNQGaOnI="
    }
  }
}
